// !$*UTF8*$!
{
	archiveVersion = 1;
	classes = {
	};
	objectVersion = 55;
	objects = {

/* Begin PBXBuildFile section */
		5A3CAB7B2874AEB4004E5368 /* AppDelegate.swift in Sources */ = {isa = PBXBuildFile; fileRef = 5A3CAB7A2874AEB4004E5368 /* AppDelegate.swift */; };
		5A3CAB7D2874AEB4004E5368 /* SceneDelegate.swift in Sources */ = {isa = PBXBuildFile; fileRef = 5A3CAB7C2874AEB4004E5368 /* SceneDelegate.swift */; };
		5A3CAB7F2874AEB4004E5368 /* FeaturedViewController.swift in Sources */ = {isa = PBXBuildFile; fileRef = 5A3CAB7E2874AEB4004E5368 /* FeaturedViewController.swift */; };
		5A3CAB822874AEB4004E5368 /* Main.storyboard in Resources */ = {isa = PBXBuildFile; fileRef = 5A3CAB802874AEB4004E5368 /* Main.storyboard */; };
		5A3CAB842874AEB5004E5368 /* Assets.xcassets in Resources */ = {isa = PBXBuildFile; fileRef = 5A3CAB832874AEB5004E5368 /* Assets.xcassets */; };
		5A3CAB872874AEB5004E5368 /* LaunchScreen.storyboard in Resources */ = {isa = PBXBuildFile; fileRef = 5A3CAB852874AEB5004E5368 /* LaunchScreen.storyboard */; };
		5A3CAB8F287C9823004E5368 /* PopularCollectionViewCell.swift in Sources */ = {isa = PBXBuildFile; fileRef = 5A3CAB8E287C9823004E5368 /* PopularCollectionViewCell.swift */; };
		5A3CAB91287C984B004E5368 /* NowPlayingCollectionViewCell.swift in Sources */ = {isa = PBXBuildFile; fileRef = 5A3CAB90287C984B004E5368 /* NowPlayingCollectionViewCell.swift */; };
		5A3CAB93287C9859004E5368 /* UpcomingCollectionViewCell.swift in Sources */ = {isa = PBXBuildFile; fileRef = 5A3CAB92287C9859004E5368 /* UpcomingCollectionViewCell.swift */; };
		5A3CAB99287DEE49004E5368 /* Movie.swift in Sources */ = {isa = PBXBuildFile; fileRef = 5A3CAB98287DEE49004E5368 /* Movie.swift */; };
		5A3CAB9F287DF4EC004E5368 /* Movie+NowPlaying.swift in Sources */ = {isa = PBXBuildFile; fileRef = 5A3CAB9A287DF4EC004E5368 /* Movie+NowPlaying.swift */; };
		5A3CABA0287DF4EC004E5368 /* Movie+TrendingToday.swift in Sources */ = {isa = PBXBuildFile; fileRef = 5A3CAB9B287DF4EC004E5368 /* Movie+TrendingToday.swift */; };
		5A3CABA1287DF4EC004E5368 /* Movie+Popular.swift in Sources */ = {isa = PBXBuildFile; fileRef = 5A3CAB9C287DF4EC004E5368 /* Movie+Popular.swift */; };
		5A3CABA2287DF4EC004E5368 /* Movie+Upcoming.swift in Sources */ = {isa = PBXBuildFile; fileRef = 5A3CAB9D287DF4EC004E5368 /* Movie+Upcoming.swift */; };
		5A3CABA3287DF4EC004E5368 /* Movie+TrendingThisWeek.swift in Sources */ = {isa = PBXBuildFile; fileRef = 5A3CAB9E287DF4EC004E5368 /* Movie+TrendingThisWeek.swift */; };
		5A3CABA7287E144E004E5368 /* FeaturedViewController+UICollectionViewDataSource.swift in Sources */ = {isa = PBXBuildFile; fileRef = 5A3CABA6287E144E004E5368 /* FeaturedViewController+UICollectionViewDataSource.swift */; };
		5A3CABA9287F3F03004E5368 /* DetailsViewController.swift in Sources */ = {isa = PBXBuildFile; fileRef = 5A3CABA8287F3F03004E5368 /* DetailsViewController.swift */; };
		5A3CABAB287F47E5004E5368 /* FeaturedViewController+UICollectionViewDelegate.swift in Sources */ = {isa = PBXBuildFile; fileRef = 5A3CABAA287F47E5004E5368 /* FeaturedViewController+UICollectionViewDelegate.swift */; };
/* End PBXBuildFile section */

/* Begin PBXFileReference section */
		5A3CAB772874AEB4004E5368 /* naosabe.app */ = {isa = PBXFileReference; explicitFileType = wrapper.application; includeInIndex = 0; path = naosabe.app; sourceTree = BUILT_PRODUCTS_DIR; };
		5A3CAB7A2874AEB4004E5368 /* AppDelegate.swift */ = {isa = PBXFileReference; lastKnownFileType = sourcecode.swift; path = AppDelegate.swift; sourceTree = "<group>"; };
		5A3CAB7C2874AEB4004E5368 /* SceneDelegate.swift */ = {isa = PBXFileReference; lastKnownFileType = sourcecode.swift; path = SceneDelegate.swift; sourceTree = "<group>"; };
		5A3CAB7E2874AEB4004E5368 /* FeaturedViewController.swift */ = {isa = PBXFileReference; lastKnownFileType = sourcecode.swift; path = FeaturedViewController.swift; sourceTree = "<group>"; };
		5A3CAB812874AEB4004E5368 /* Base */ = {isa = PBXFileReference; lastKnownFileType = file.storyboard; name = Base; path = Base.lproj/Main.storyboard; sourceTree = "<group>"; };
		5A3CAB832874AEB5004E5368 /* Assets.xcassets */ = {isa = PBXFileReference; lastKnownFileType = folder.assetcatalog; path = Assets.xcassets; sourceTree = "<group>"; };
		5A3CAB862874AEB5004E5368 /* Base */ = {isa = PBXFileReference; lastKnownFileType = file.storyboard; name = Base; path = Base.lproj/LaunchScreen.storyboard; sourceTree = "<group>"; };
		5A3CAB882874AEB5004E5368 /* Info.plist */ = {isa = PBXFileReference; lastKnownFileType = text.plist.xml; path = Info.plist; sourceTree = "<group>"; };
		5A3CAB8E287C9823004E5368 /* PopularCollectionViewCell.swift */ = {isa = PBXFileReference; lastKnownFileType = sourcecode.swift; path = PopularCollectionViewCell.swift; sourceTree = "<group>"; };
		5A3CAB90287C984B004E5368 /* NowPlayingCollectionViewCell.swift */ = {isa = PBXFileReference; lastKnownFileType = sourcecode.swift; path = NowPlayingCollectionViewCell.swift; sourceTree = "<group>"; };
		5A3CAB92287C9859004E5368 /* UpcomingCollectionViewCell.swift */ = {isa = PBXFileReference; lastKnownFileType = sourcecode.swift; path = UpcomingCollectionViewCell.swift; sourceTree = "<group>"; };
		5A3CAB98287DEE49004E5368 /* Movie.swift */ = {isa = PBXFileReference; lastKnownFileType = sourcecode.swift; path = Movie.swift; sourceTree = "<group>"; };
		5A3CAB9A287DF4EC004E5368 /* Movie+NowPlaying.swift */ = {isa = PBXFileReference; fileEncoding = 4; lastKnownFileType = sourcecode.swift; path = "Movie+NowPlaying.swift"; sourceTree = "<group>"; };
		5A3CAB9B287DF4EC004E5368 /* Movie+TrendingToday.swift */ = {isa = PBXFileReference; fileEncoding = 4; lastKnownFileType = sourcecode.swift; path = "Movie+TrendingToday.swift"; sourceTree = "<group>"; };
		5A3CAB9C287DF4EC004E5368 /* Movie+Popular.swift */ = {isa = PBXFileReference; fileEncoding = 4; lastKnownFileType = sourcecode.swift; path = "Movie+Popular.swift"; sourceTree = "<group>"; };
		5A3CAB9D287DF4EC004E5368 /* Movie+Upcoming.swift */ = {isa = PBXFileReference; fileEncoding = 4; lastKnownFileType = sourcecode.swift; path = "Movie+Upcoming.swift"; sourceTree = "<group>"; };
		5A3CAB9E287DF4EC004E5368 /* Movie+TrendingThisWeek.swift */ = {isa = PBXFileReference; fileEncoding = 4; lastKnownFileType = sourcecode.swift; path = "Movie+TrendingThisWeek.swift"; sourceTree = "<group>"; };
		5A3CABA6287E144E004E5368 /* FeaturedViewController+UICollectionViewDataSource.swift */ = {isa = PBXFileReference; lastKnownFileType = sourcecode.swift; path = "FeaturedViewController+UICollectionViewDataSource.swift"; sourceTree = "<group>"; };
		5A3CABA8287F3F03004E5368 /* DetailsViewController.swift */ = {isa = PBXFileReference; lastKnownFileType = sourcecode.swift; path = DetailsViewController.swift; sourceTree = "<group>"; };
		5A3CABAA287F47E5004E5368 /* FeaturedViewController+UICollectionViewDelegate.swift */ = {isa = PBXFileReference; lastKnownFileType = sourcecode.swift; path = "FeaturedViewController+UICollectionViewDelegate.swift"; sourceTree = "<group>"; };
/* End PBXFileReference section */

/* Begin PBXFrameworksBuildPhase section */
		5A3CAB742874AEB4004E5368 /* Frameworks */ = {
			isa = PBXFrameworksBuildPhase;
			buildActionMask = 2147483647;
			files = (
			);
			runOnlyForDeploymentPostprocessing = 0;
		};
/* End PBXFrameworksBuildPhase section */

/* Begin PBXGroup section */
		5A3CAB6E2874AEB4004E5368 = {
			isa = PBXGroup;
			children = (
				5A3CAB792874AEB4004E5368 /* naosabe */,
				5A3CAB782874AEB4004E5368 /* Products */,
			);
			sourceTree = "<group>";
		};
		5A3CAB782874AEB4004E5368 /* Products */ = {
			isa = PBXGroup;
			children = (
				5A3CAB772874AEB4004E5368 /* naosabe.app */,
			);
			name = Products;
			sourceTree = "<group>";
		};
		5A3CAB792874AEB4004E5368 /* naosabe */ = {
			isa = PBXGroup;
			children = (
				5A3CAB7A2874AEB4004E5368 /* AppDelegate.swift */,
				5A3CAB7C2874AEB4004E5368 /* SceneDelegate.swift */,
				5A3CAB94287C9957004E5368 /* Controllers */,
				5A3CAB97287DEDF7004E5368 /* Model */,
				5A3CAB95287C99F8004E5368 /* View */,
				5A3CAB96287C9E42004E5368 /* SupportingFiles */,
			);
			path = naosabe;
			sourceTree = "<group>";
		};
		5A3CAB94287C9957004E5368 /* Controllers */ = {
			isa = PBXGroup;
			children = (
				5A3CAB7E2874AEB4004E5368 /* FeaturedViewController.swift */,
				5A3CABA6287E144E004E5368 /* FeaturedViewController+UICollectionViewDataSource.swift */,
				5A3CABA8287F3F03004E5368 /* DetailsViewController.swift */,
				5A3CABAA287F47E5004E5368 /* FeaturedViewController+UICollectionViewDelegate.swift */,
			);
			path = Controllers;
			sourceTree = "<group>";
		};
		5A3CAB95287C99F8004E5368 /* View */ = {
			isa = PBXGroup;
			children = (
				5A3CAB802874AEB4004E5368 /* Main.storyboard */,
				5A3CAB852874AEB5004E5368 /* LaunchScreen.storyboard */,
				5A3CAB8E287C9823004E5368 /* PopularCollectionViewCell.swift */,
				5A3CAB90287C984B004E5368 /* NowPlayingCollectionViewCell.swift */,
				5A3CAB92287C9859004E5368 /* UpcomingCollectionViewCell.swift */,
			);
			path = View;
			sourceTree = "<group>";
		};
		5A3CAB96287C9E42004E5368 /* SupportingFiles */ = {
			isa = PBXGroup;
			children = (
				5A3CAB832874AEB5004E5368 /* Assets.xcassets */,
				5A3CAB882874AEB5004E5368 /* Info.plist */,
			);
			name = SupportingFiles;
			sourceTree = "<group>";
		};
		5A3CAB97287DEDF7004E5368 /* Model */ = {
			isa = PBXGroup;
			children = (
				5A3CAB9A287DF4EC004E5368 /* Movie+NowPlaying.swift */,
				5A3CAB9C287DF4EC004E5368 /* Movie+Popular.swift */,
				5A3CAB9E287DF4EC004E5368 /* Movie+TrendingThisWeek.swift */,
				5A3CAB9B287DF4EC004E5368 /* Movie+TrendingToday.swift */,
				5A3CAB9D287DF4EC004E5368 /* Movie+Upcoming.swift */,
				5A3CAB98287DEE49004E5368 /* Movie.swift */,
			);
			path = Model;
			sourceTree = "<group>";
		};
/* End PBXGroup section */

/* Begin PBXNativeTarget section */
		5A3CAB762874AEB4004E5368 /* naosabe */ = {
			isa = PBXNativeTarget;
			buildConfigurationList = 5A3CAB8B2874AEB5004E5368 /* Build configuration list for PBXNativeTarget "naosabe" */;
			buildPhases = (
				5A3CAB732874AEB4004E5368 /* Sources */,
				5A3CAB742874AEB4004E5368 /* Frameworks */,
				5A3CAB752874AEB4004E5368 /* Resources */,
			);
			buildRules = (
			);
			dependencies = (
			);
			name = naosabe;
			productName = naosabe;
			productReference = 5A3CAB772874AEB4004E5368 /* naosabe.app */;
			productType = "com.apple.product-type.application";
		};
/* End PBXNativeTarget section */

/* Begin PBXProject section */
		5A3CAB6F2874AEB4004E5368 /* Project object */ = {
			isa = PBXProject;
			attributes = {
				BuildIndependentTargetsInParallel = 1;
				LastSwiftUpdateCheck = 1330;
				LastUpgradeCheck = 1330;
				TargetAttributes = {
					5A3CAB762874AEB4004E5368 = {
						CreatedOnToolsVersion = 13.3.1;
					};
				};
			};
			buildConfigurationList = 5A3CAB722874AEB4004E5368 /* Build configuration list for PBXProject "naosabe" */;
			compatibilityVersion = "Xcode 13.0";
			developmentRegion = en;
			hasScannedForEncodings = 0;
			knownRegions = (
				en,
				Base,
			);
			mainGroup = 5A3CAB6E2874AEB4004E5368;
			productRefGroup = 5A3CAB782874AEB4004E5368 /* Products */;
			projectDirPath = "";
			projectRoot = "";
			targets = (
				5A3CAB762874AEB4004E5368 /* naosabe */,
			);
		};
/* End PBXProject section */

/* Begin PBXResourcesBuildPhase section */
		5A3CAB752874AEB4004E5368 /* Resources */ = {
			isa = PBXResourcesBuildPhase;
			buildActionMask = 2147483647;
			files = (
				5A3CAB872874AEB5004E5368 /* LaunchScreen.storyboard in Resources */,
				5A3CAB842874AEB5004E5368 /* Assets.xcassets in Resources */,
				5A3CAB822874AEB4004E5368 /* Main.storyboard in Resources */,
			);
			runOnlyForDeploymentPostprocessing = 0;
		};
/* End PBXResourcesBuildPhase section */

/* Begin PBXSourcesBuildPhase section */
		5A3CAB732874AEB4004E5368 /* Sources */ = {
			isa = PBXSourcesBuildPhase;
			buildActionMask = 2147483647;
			files = (
				5A3CAB99287DEE49004E5368 /* Movie.swift in Sources */,
				5A3CAB93287C9859004E5368 /* UpcomingCollectionViewCell.swift in Sources */,
				5A3CAB91287C984B004E5368 /* NowPlayingCollectionViewCell.swift in Sources */,
				5A3CABA2287DF4EC004E5368 /* Movie+Upcoming.swift in Sources */,
				5A3CABA7287E144E004E5368 /* FeaturedViewController+UICollectionViewDataSource.swift in Sources */,
				5A3CAB8F287C9823004E5368 /* PopularCollectionViewCell.swift in Sources */,
				5A3CAB9F287DF4EC004E5368 /* Movie+NowPlaying.swift in Sources */,
				5A3CAB7F2874AEB4004E5368 /* FeaturedViewController.swift in Sources */,
				5A3CABA1287DF4EC004E5368 /* Movie+Popular.swift in Sources */,
				5A3CABA9287F3F03004E5368 /* DetailsViewController.swift in Sources */,
				5A3CABA0287DF4EC004E5368 /* Movie+TrendingToday.swift in Sources */,
				5A3CABAB287F47E5004E5368 /* FeaturedViewController+UICollectionViewDelegate.swift in Sources */,
				5A3CABA3287DF4EC004E5368 /* Movie+TrendingThisWeek.swift in Sources */,
				5A3CAB7B2874AEB4004E5368 /* AppDelegate.swift in Sources */,
				5A3CAB7D2874AEB4004E5368 /* SceneDelegate.swift in Sources */,
			);
			runOnlyForDeploymentPostprocessing = 0;
		};
/* End PBXSourcesBuildPhase section */

/* Begin PBXVariantGroup section */
		5A3CAB802874AEB4004E5368 /* Main.storyboard */ = {
			isa = PBXVariantGroup;
			children = (
				5A3CAB812874AEB4004E5368 /* Base */,
			);
			name = Main.storyboard;
			sourceTree = "<group>";
		};
		5A3CAB852874AEB5004E5368 /* LaunchScreen.storyboard */ = {
			isa = PBXVariantGroup;
			children = (
				5A3CAB862874AEB5004E5368 /* Base */,
			);
			name = LaunchScreen.storyboard;
			sourceTree = "<group>";
		};
/* End PBXVariantGroup section */

/* Begin XCBuildConfiguration section */
		5A3CAB892874AEB5004E5368 /* Debug */ = {
			isa = XCBuildConfiguration;
			buildSettings = {
				ALWAYS_SEARCH_USER_PATHS = NO;
				CLANG_ANALYZER_NONNULL = YES;
				CLANG_ANALYZER_NUMBER_OBJECT_CONVERSION = YES_AGGRESSIVE;
				CLANG_CXX_LANGUAGE_STANDARD = "gnu++17";
				CLANG_ENABLE_MODULES = YES;
				CLANG_ENABLE_OBJC_ARC = YES;
				CLANG_ENABLE_OBJC_WEAK = YES;
				CLANG_WARN_BLOCK_CAPTURE_AUTORELEASING = YES;
				CLANG_WARN_BOOL_CONVERSION = YES;
				CLANG_WARN_COMMA = YES;
				CLANG_WARN_CONSTANT_CONVERSION = YES;
				CLANG_WARN_DEPRECATED_OBJC_IMPLEMENTATIONS = YES;
				CLANG_WARN_DIRECT_OBJC_ISA_USAGE = YES_ERROR;
				CLANG_WARN_DOCUMENTATION_COMMENTS = YES;
				CLANG_WARN_EMPTY_BODY = YES;
				CLANG_WARN_ENUM_CONVERSION = YES;
				CLANG_WARN_INFINITE_RECURSION = YES;
				CLANG_WARN_INT_CONVERSION = YES;
				CLANG_WARN_NON_LITERAL_NULL_CONVERSION = YES;
				CLANG_WARN_OBJC_IMPLICIT_RETAIN_SELF = YES;
				CLANG_WARN_OBJC_LITERAL_CONVERSION = YES;
				CLANG_WARN_OBJC_ROOT_CLASS = YES_ERROR;
				CLANG_WARN_QUOTED_INCLUDE_IN_FRAMEWORK_HEADER = YES;
				CLANG_WARN_RANGE_LOOP_ANALYSIS = YES;
				CLANG_WARN_STRICT_PROTOTYPES = YES;
				CLANG_WARN_SUSPICIOUS_MOVE = YES;
				CLANG_WARN_UNGUARDED_AVAILABILITY = YES_AGGRESSIVE;
				CLANG_WARN_UNREACHABLE_CODE = YES;
				CLANG_WARN__DUPLICATE_METHOD_MATCH = YES;
				COPY_PHASE_STRIP = NO;
				DEBUG_INFORMATION_FORMAT = dwarf;
				ENABLE_STRICT_OBJC_MSGSEND = YES;
				ENABLE_TESTABILITY = YES;
				GCC_C_LANGUAGE_STANDARD = gnu11;
				GCC_DYNAMIC_NO_PIC = NO;
				GCC_NO_COMMON_BLOCKS = YES;
				GCC_OPTIMIZATION_LEVEL = 0;
				GCC_PREPROCESSOR_DEFINITIONS = (
					"DEBUG=1",
					"$(inherited)",
				);
				GCC_WARN_64_TO_32_BIT_CONVERSION = YES;
				GCC_WARN_ABOUT_RETURN_TYPE = YES_ERROR;
				GCC_WARN_UNDECLARED_SELECTOR = YES;
				GCC_WARN_UNINITIALIZED_AUTOS = YES_AGGRESSIVE;
				GCC_WARN_UNUSED_FUNCTION = YES;
				GCC_WARN_UNUSED_VARIABLE = YES;
				IPHONEOS_DEPLOYMENT_TARGET = 15.4;
				MTL_ENABLE_DEBUG_INFO = INCLUDE_SOURCE;
				MTL_FAST_MATH = YES;
				ONLY_ACTIVE_ARCH = YES;
				SDKROOT = iphoneos;
				SWIFT_ACTIVE_COMPILATION_CONDITIONS = DEBUG;
				SWIFT_OPTIMIZATION_LEVEL = "-Onone";
			};
			name = Debug;
		};
		5A3CAB8A2874AEB5004E5368 /* Release */ = {
			isa = XCBuildConfiguration;
			buildSettings = {
				ALWAYS_SEARCH_USER_PATHS = NO;
				CLANG_ANALYZER_NONNULL = YES;
				CLANG_ANALYZER_NUMBER_OBJECT_CONVERSION = YES_AGGRESSIVE;
				CLANG_CXX_LANGUAGE_STANDARD = "gnu++17";
				CLANG_ENABLE_MODULES = YES;
				CLANG_ENABLE_OBJC_ARC = YES;
				CLANG_ENABLE_OBJC_WEAK = YES;
				CLANG_WARN_BLOCK_CAPTURE_AUTORELEASING = YES;
				CLANG_WARN_BOOL_CONVERSION = YES;
				CLANG_WARN_COMMA = YES;
				CLANG_WARN_CONSTANT_CONVERSION = YES;
				CLANG_WARN_DEPRECATED_OBJC_IMPLEMENTATIONS = YES;
				CLANG_WARN_DIRECT_OBJC_ISA_USAGE = YES_ERROR;
				CLANG_WARN_DOCUMENTATION_COMMENTS = YES;
				CLANG_WARN_EMPTY_BODY = YES;
				CLANG_WARN_ENUM_CONVERSION = YES;
				CLANG_WARN_INFINITE_RECURSION = YES;
				CLANG_WARN_INT_CONVERSION = YES;
				CLANG_WARN_NON_LITERAL_NULL_CONVERSION = YES;
				CLANG_WARN_OBJC_IMPLICIT_RETAIN_SELF = YES;
				CLANG_WARN_OBJC_LITERAL_CONVERSION = YES;
				CLANG_WARN_OBJC_ROOT_CLASS = YES_ERROR;
				CLANG_WARN_QUOTED_INCLUDE_IN_FRAMEWORK_HEADER = YES;
				CLANG_WARN_RANGE_LOOP_ANALYSIS = YES;
				CLANG_WARN_STRICT_PROTOTYPES = YES;
				CLANG_WARN_SUSPICIOUS_MOVE = YES;
				CLANG_WARN_UNGUARDED_AVAILABILITY = YES_AGGRESSIVE;
				CLANG_WARN_UNREACHABLE_CODE = YES;
				CLANG_WARN__DUPLICATE_METHOD_MATCH = YES;
				COPY_PHASE_STRIP = NO;
				DEBUG_INFORMATION_FORMAT = "dwarf-with-dsym";
				ENABLE_NS_ASSERTIONS = NO;
				ENABLE_STRICT_OBJC_MSGSEND = YES;
				GCC_C_LANGUAGE_STANDARD = gnu11;
				GCC_NO_COMMON_BLOCKS = YES;
				GCC_WARN_64_TO_32_BIT_CONVERSION = YES;
				GCC_WARN_ABOUT_RETURN_TYPE = YES_ERROR;
				GCC_WARN_UNDECLARED_SELECTOR = YES;
				GCC_WARN_UNINITIALIZED_AUTOS = YES_AGGRESSIVE;
				GCC_WARN_UNUSED_FUNCTION = YES;
				GCC_WARN_UNUSED_VARIABLE = YES;
				IPHONEOS_DEPLOYMENT_TARGET = 15.4;
				MTL_ENABLE_DEBUG_INFO = NO;
				MTL_FAST_MATH = YES;
				SDKROOT = iphoneos;
				SWIFT_COMPILATION_MODE = wholemodule;
				SWIFT_OPTIMIZATION_LEVEL = "-O";
				VALIDATE_PRODUCT = YES;
			};
			name = Release;
		};
		5A3CAB8C2874AEB5004E5368 /* Debug */ = {
			isa = XCBuildConfiguration;
			buildSettings = {
				ASSETCATALOG_COMPILER_APPICON_NAME = AppIcon;
				ASSETCATALOG_COMPILER_GLOBAL_ACCENT_COLOR_NAME = AccentColor;
				CODE_SIGN_STYLE = Automatic;
				CURRENT_PROJECT_VERSION = 1;
				DEVELOPMENT_TEAM = VNH67NDAE6;
				GENERATE_INFOPLIST_FILE = YES;
				INFOPLIST_FILE = naosabe/Info.plist;
				INFOPLIST_KEY_UIApplicationSupportsIndirectInputEvents = YES;
				INFOPLIST_KEY_UILaunchStoryboardName = LaunchScreen;
				INFOPLIST_KEY_UIMainStoryboardFile = Main;
				INFOPLIST_KEY_UISupportedInterfaceOrientations_iPad = "UIInterfaceOrientationPortrait UIInterfaceOrientationPortraitUpsideDown UIInterfaceOrientationLandscapeLeft UIInterfaceOrientationLandscapeRight";
				INFOPLIST_KEY_UISupportedInterfaceOrientations_iPhone = "UIInterfaceOrientationPortrait UIInterfaceOrientationLandscapeLeft UIInterfaceOrientationLandscapeRight";
				LD_RUNPATH_SEARCH_PATHS = (
					"$(inherited)",
					"@executable_path/Frameworks",
				);
				MARKETING_VERSION = 1.0;
				PRODUCT_BUNDLE_IDENTIFIER = lclr.academy.cin.br.naosabe;
				PRODUCT_NAME = "$(TARGET_NAME)";
				SWIFT_EMIT_LOC_STRINGS = YES;
				SWIFT_VERSION = 5.0;
				TARGETED_DEVICE_FAMILY = 1;
			};
			name = Debug;
		};
		5A3CAB8D2874AEB5004E5368 /* Release */ = {
			isa = XCBuildConfiguration;
			buildSettings = {
				ASSETCATALOG_COMPILER_APPICON_NAME = AppIcon;
				ASSETCATALOG_COMPILER_GLOBAL_ACCENT_COLOR_NAME = AccentColor;
				CODE_SIGN_STYLE = Automatic;
				CURRENT_PROJECT_VERSION = 1;
				DEVELOPMENT_TEAM = VNH67NDAE6;
				GENERATE_INFOPLIST_FILE = YES;
				INFOPLIST_FILE = naosabe/Info.plist;
				INFOPLIST_KEY_UIApplicationSupportsIndirectInputEvents = YES;
				INFOPLIST_KEY_UILaunchStoryboardName = LaunchScreen;
				INFOPLIST_KEY_UIMainStoryboardFile = Main;
				INFOPLIST_KEY_UISupportedInterfaceOrientations_iPad = "UIInterfaceOrientationPortrait UIInterfaceOrientationPortraitUpsideDown UIInterfaceOrientationLandscapeLeft UIInterfaceOrientationLandscapeRight";
				INFOPLIST_KEY_UISupportedInterfaceOrientations_iPhone = "UIInterfaceOrientationPortrait UIInterfaceOrientationLandscapeLeft UIInterfaceOrientationLandscapeRight";
				LD_RUNPATH_SEARCH_PATHS = (
					"$(inherited)",
					"@executable_path/Frameworks",
				);
				MARKETING_VERSION = 1.0;
				PRODUCT_BUNDLE_IDENTIFIER = lclr.academy.cin.br.naosabe;
				PRODUCT_NAME = "$(TARGET_NAME)";
				SWIFT_EMIT_LOC_STRINGS = YES;
				SWIFT_VERSION = 5.0;
				TARGETED_DEVICE_FAMILY = 1;
			};
			name = Release;
		};
/* End XCBuildConfiguration section */

/* Begin XCConfigurationList section */
		5A3CAB722874AEB4004E5368 /* Build configuration list for PBXProject "naosabe" */ = {
			isa = XCConfigurationList;
			buildConfigurations = (
				5A3CAB892874AEB5004E5368 /* Debug */,
				5A3CAB8A2874AEB5004E5368 /* Release */,
			);
			defaultConfigurationIsVisible = 0;
			defaultConfigurationName = Release;
		};
		5A3CAB8B2874AEB5004E5368 /* Build configuration list for PBXNativeTarget "naosabe" */ = {
			isa = XCConfigurationList;
			buildConfigurations = (
				5A3CAB8C2874AEB5004E5368 /* Debug */,
				5A3CAB8D2874AEB5004E5368 /* Release */,
			);
			defaultConfigurationIsVisible = 0;
			defaultConfigurationName = Release;
		};
/* End XCConfigurationList section */
	};
	rootObject = 5A3CAB6F2874AEB4004E5368 /* Project object */;
}
